
Microsoft Visual Studio Solution File, Format Version 12.00
# Visual Studio Version 17
VisualStudioVersion = 17.0.31903.59
MinimumVisualStudioVersion = 10.0.40219.1
Project("{FAE04EC0-301F-11D3-BF4B-00C04F79EFBC}") = "Desert-Orca.Api", "Desert-Orca.Api\Desert-Orca.Api.csproj", "{C73AF2AA-9F4D-43D8-B813-8E877FE9E964}"
EndProject
Project("{FAE04EC0-301F-11D3-BF4B-00C04F79EFBC}") = "Desert-Orca.Domain", "Desert-Orca.Domain\Desert-Orca.Domain.csproj", "{118EBDBE-E542-4B68-A083-96CDA4E4D298}"
EndProject
Project("{FAE04EC0-301F-11D3-BF4B-00C04F79EFBC}") = "Desert-Orca.Data", "Desert-Orca.Data\Desert-Orca.Data.csproj", "{F40773C3-C7CD-4C6C-8A10-47F2BF29FECA}"
EndProject
Project("{2150E333-8FDC-42A3-9474-1A3956D46DE8}") = "Desert-Orca.Tests", "Desert-Orca.Tests", "{E8DEE1A7-F1C2-4AC6-A135-B2A0E31AD348}"
EndProject
Project("{FAE04EC0-301F-11D3-BF4B-00C04F79EFBC}") = "Desert_Orca.Domain.Tests", "Desert-Orca.Tests\Desert_Orca.Domain.Tests\Desert_Orca.Domain.Tests.csproj", "{1B7B3CF2-568A-4B61-897F-E3909B682370}"
EndProject
Global
	GlobalSection(SolutionConfigurationPlatforms) = preSolution
		Debug|Any CPU = Debug|Any CPU
		Release|Any CPU = Release|Any CPU
	EndGlobalSection
	GlobalSection(SolutionProperties) = preSolution
		HideSolutionNode = FALSE
	EndGlobalSection
	GlobalSection(ProjectConfigurationPlatforms) = postSolution
		{C73AF2AA-9F4D-43D8-B813-8E877FE9E964}.Debug|Any CPU.ActiveCfg = Debug|Any CPU
		{C73AF2AA-9F4D-43D8-B813-8E877FE9E964}.Debug|Any CPU.Build.0 = Debug|Any CPU
		{C73AF2AA-9F4D-43D8-B813-8E877FE9E964}.Release|Any CPU.ActiveCfg = Release|Any CPU
		{C73AF2AA-9F4D-43D8-B813-8E877FE9E964}.Release|Any CPU.Build.0 = Release|Any CPU
		{118EBDBE-E542-4B68-A083-96CDA4E4D298}.Debug|Any CPU.ActiveCfg = Debug|Any CPU
		{118EBDBE-E542-4B68-A083-96CDA4E4D298}.Debug|Any CPU.Build.0 = Debug|Any CPU
		{118EBDBE-E542-4B68-A083-96CDA4E4D298}.Release|Any CPU.ActiveCfg = Release|Any CPU
		{118EBDBE-E542-4B68-A083-96CDA4E4D298}.Release|Any CPU.Build.0 = Release|Any CPU
		{F40773C3-C7CD-4C6C-8A10-47F2BF29FECA}.Debug|Any CPU.ActiveCfg = Debug|Any CPU
		{F40773C3-C7CD-4C6C-8A10-47F2BF29FECA}.Debug|Any CPU.Build.0 = Debug|Any CPU
		{F40773C3-C7CD-4C6C-8A10-47F2BF29FECA}.Release|Any CPU.ActiveCfg = Release|Any CPU
		{F40773C3-C7CD-4C6C-8A10-47F2BF29FECA}.Release|Any CPU.Build.0 = Release|Any CPU
		{1B7B3CF2-568A-4B61-897F-E3909B682370}.Debug|Any CPU.ActiveCfg = Debug|Any CPU
		{1B7B3CF2-568A-4B61-897F-E3909B682370}.Debug|Any CPU.Build.0 = Debug|Any CPU
		{1B7B3CF2-568A-4B61-897F-E3909B682370}.Release|Any CPU.ActiveCfg = Release|Any CPU
		{1B7B3CF2-568A-4B61-897F-E3909B682370}.Release|Any CPU.Build.0 = Release|Any CPU
	EndGlobalSection
	GlobalSection(NestedProjects) = preSolution
		{1B7B3CF2-568A-4B61-897F-E3909B682370} = {E8DEE1A7-F1C2-4AC6-A135-B2A0E31AD348}
	EndGlobalSection
EndGlobal
