
Microsoft Visual Studio Solution File, Format Version 12.00
# Visual Studio Version 17
VisualStudioVersion = 17.0.31903.59
MinimumVisualStudioVersion = 10.0.40219.1
Project("{FAE04EC0-301F-11D3-BF4B-00C04F79EFBC}") = "Desert-Orca.Api", "Desert-Orca.Api\Desert-Orca.Api.csproj", "{C73AF2AA-9F4D-43D8-B813-8E877FE9E964}"
EndProject
Project("{FAE04EC0-301F-11D3-BF4B-00C04F79EFBC}") = "Desert-Orca.Domain", "Desert-Orca.Domain\Desert-Orca.Domain.csproj", "{118EBDBE-E542-4B68-A083-96CDA4E4D298}"
EndProject
Global
	GlobalSection(SolutionConfigurationPlatforms) = preSolution
		Debug|Any CPU = Debug|Any CPU
		Release|Any CPU = Release|Any CPU
	EndGlobalSection
	GlobalSection(SolutionProperties) = preSolution
		HideSolutionNode = FALSE
	EndGlobalSection
	GlobalSection(ProjectConfigurationPlatforms) = postSolution
		{C73AF2AA-9F4D-43D8-B813-8E877FE9E964}.Debug|Any CPU.ActiveCfg = Debug|Any CPU
		{C73AF2AA-9F4D-43D8-B813-8E877FE9E964}.Debug|Any CPU.Build.0 = Debug|Any CPU
		{C73AF2AA-9F4D-43D8-B813-8E877FE9E964}.Release|Any CPU.ActiveCfg = Release|Any CPU
		{C73AF2AA-9F4D-43D8-B813-8E877FE9E964}.Release|Any CPU.Build.0 = Release|Any CPU
		{118EBDBE-E542-4B68-A083-96CDA4E4D298}.Debug|Any CPU.ActiveCfg = Debug|Any CPU
		{118EBDBE-E542-4B68-A083-96CDA4E4D298}.Debug|Any CPU.Build.0 = Debug|Any CPU
		{118EBDBE-E542-4B68-A083-96CDA4E4D298}.Release|Any CPU.ActiveCfg = Release|Any CPU
		{118EBDBE-E542-4B68-A083-96CDA4E4D298}.Release|Any CPU.Build.0 = Release|Any CPU
	EndGlobalSection
EndGlobal
